
Microsoft Visual Studio Solution File, Format Version 12.00
# Visual Studio Version 17
VisualStudioVersion = 17.7.34031.279
MinimumVisualStudioVersion = 10.0.40219.1
Project("{2150E333-8FDC-42A3-9474-1A3956D46DE8}") = "src", "src", "{DBAC468F-B604-457C-9081-9803E30E2350}"
	ProjectSection(SolutionItems) = preProject
		Dockerfile = Dockerfile
	EndProjectSection
EndProject
Project("{2150E333-8FDC-42A3-9474-1A3956D46DE8}") = "Core", "Core", "{B687CF88-ABBF-4A1E-8280-54639E3EB7B5}"
EndProject
Project("{2150E333-8FDC-42A3-9474-1A3956D46DE8}") = "External", "External", "{C218DBA6-A370-4AF3-9262-F14E36B3CF17}"
EndProject
Project("{9A19103F-16F7-4668-BE54-9A1E7A4F7556}") = "Domain", "Domain\Domain.csproj", "{423FEE86-FDD0-4BAC-9EF5-D5250893B9AD}"
EndProject
Project("{9A19103F-16F7-4668-BE54-9A1E7A4F7556}") = "Application", "Application\Application.csproj", "{29893820-DA77-422E-804C-4FA18511354C}"
EndProject
Project("{9A19103F-16F7-4668-BE54-9A1E7A4F7556}") = "Infrastructure", "Infrastructure\Infrastructure.csproj", "{DF600428-3E4F-4C62-BAD3-880159A95FF1}"
EndProject
Project("{9A19103F-16F7-4668-BE54-9A1E7A4F7556}") = "Presentation", "Presentation\Presentation.csproj", "{746B661F-BCCA-4A62-AC8E-A2B64B7FE5FB}"
EndProject
Project("{2150E333-8FDC-42A3-9474-1A3956D46DE8}") = "WebApi", "WebApi", "{B96B90B7-5D92-4B06-8B11-A145BF21CA0C}"
EndProject
Project("{9A19103F-16F7-4668-BE54-9A1E7A4F7556}") = "WebApi", "WebApi\WebApi.csproj", "{6B72066C-6AC0-4A86-B9FE-1BEC8EFE64DB}"
EndProject
Project("{2150E333-8FDC-42A3-9474-1A3956D46DE8}") = "Test", "Test", "{D801A7E7-469A-4E2A-931F-80C285C55BA8}"
EndProject
Project("{E53339B2-1760-4266-BCC7-CA923CBCF16C}") = "docker-compose", "docker-compose.dcproj", "{50871A36-7CC6-4F86-824D-46E14A11C888}"
EndProject
Global
	GlobalSection(SolutionConfigurationPlatforms) = preSolution
		Debug|Any CPU = Debug|Any CPU
		Release|Any CPU = Release|Any CPU
	EndGlobalSection
	GlobalSection(ProjectConfigurationPlatforms) = postSolution
		{423FEE86-FDD0-4BAC-9EF5-D5250893B9AD}.Debug|Any CPU.ActiveCfg = Debug|Any CPU
		{423FEE86-FDD0-4BAC-9EF5-D5250893B9AD}.Debug|Any CPU.Build.0 = Debug|Any CPU
		{423FEE86-FDD0-4BAC-9EF5-D5250893B9AD}.Release|Any CPU.ActiveCfg = Release|Any CPU
		{423FEE86-FDD0-4BAC-9EF5-D5250893B9AD}.Release|Any CPU.Build.0 = Release|Any CPU
		{29893820-DA77-422E-804C-4FA18511354C}.Debug|Any CPU.ActiveCfg = Debug|Any CPU
		{29893820-DA77-422E-804C-4FA18511354C}.Debug|Any CPU.Build.0 = Debug|Any CPU
		{29893820-DA77-422E-804C-4FA18511354C}.Release|Any CPU.ActiveCfg = Release|Any CPU
		{29893820-DA77-422E-804C-4FA18511354C}.Release|Any CPU.Build.0 = Release|Any CPU
		{DF600428-3E4F-4C62-BAD3-880159A95FF1}.Debug|Any CPU.ActiveCfg = Debug|Any CPU
		{DF600428-3E4F-4C62-BAD3-880159A95FF1}.Debug|Any CPU.Build.0 = Debug|Any CPU
		{DF600428-3E4F-4C62-BAD3-880159A95FF1}.Release|Any CPU.ActiveCfg = Release|Any CPU
		{DF600428-3E4F-4C62-BAD3-880159A95FF1}.Release|Any CPU.Build.0 = Release|Any CPU
		{746B661F-BCCA-4A62-AC8E-A2B64B7FE5FB}.Debug|Any CPU.ActiveCfg = Debug|Any CPU
		{746B661F-BCCA-4A62-AC8E-A2B64B7FE5FB}.Debug|Any CPU.Build.0 = Debug|Any CPU
		{746B661F-BCCA-4A62-AC8E-A2B64B7FE5FB}.Release|Any CPU.ActiveCfg = Release|Any CPU
		{746B661F-BCCA-4A62-AC8E-A2B64B7FE5FB}.Release|Any CPU.Build.0 = Release|Any CPU
		{6B72066C-6AC0-4A86-B9FE-1BEC8EFE64DB}.Debug|Any CPU.ActiveCfg = Debug|Any CPU
		{6B72066C-6AC0-4A86-B9FE-1BEC8EFE64DB}.Debug|Any CPU.Build.0 = Debug|Any CPU
		{6B72066C-6AC0-4A86-B9FE-1BEC8EFE64DB}.Release|Any CPU.ActiveCfg = Release|Any CPU
		{6B72066C-6AC0-4A86-B9FE-1BEC8EFE64DB}.Release|Any CPU.Build.0 = Release|Any CPU
		{50871A36-7CC6-4F86-824D-46E14A11C888}.Debug|Any CPU.ActiveCfg = Debug|Any CPU
		{50871A36-7CC6-4F86-824D-46E14A11C888}.Debug|Any CPU.Build.0 = Debug|Any CPU
		{50871A36-7CC6-4F86-824D-46E14A11C888}.Release|Any CPU.ActiveCfg = Release|Any CPU
		{50871A36-7CC6-4F86-824D-46E14A11C888}.Release|Any CPU.Build.0 = Release|Any CPU
	EndGlobalSection
	GlobalSection(SolutionProperties) = preSolution
		HideSolutionNode = FALSE
	EndGlobalSection
	GlobalSection(NestedProjects) = preSolution
		{B687CF88-ABBF-4A1E-8280-54639E3EB7B5} = {DBAC468F-B604-457C-9081-9803E30E2350}
		{C218DBA6-A370-4AF3-9262-F14E36B3CF17} = {DBAC468F-B604-457C-9081-9803E30E2350}
		{423FEE86-FDD0-4BAC-9EF5-D5250893B9AD} = {B687CF88-ABBF-4A1E-8280-54639E3EB7B5}
		{29893820-DA77-422E-804C-4FA18511354C} = {B687CF88-ABBF-4A1E-8280-54639E3EB7B5}
		{DF600428-3E4F-4C62-BAD3-880159A95FF1} = {C218DBA6-A370-4AF3-9262-F14E36B3CF17}
		{746B661F-BCCA-4A62-AC8E-A2B64B7FE5FB} = {C218DBA6-A370-4AF3-9262-F14E36B3CF17}
		{B96B90B7-5D92-4B06-8B11-A145BF21CA0C} = {DBAC468F-B604-457C-9081-9803E30E2350}
		{6B72066C-6AC0-4A86-B9FE-1BEC8EFE64DB} = {B96B90B7-5D92-4B06-8B11-A145BF21CA0C}
		{D801A7E7-469A-4E2A-931F-80C285C55BA8} = {DBAC468F-B604-457C-9081-9803E30E2350}
	EndGlobalSection
	GlobalSection(ExtensibilityGlobals) = postSolution
		SolutionGuid = {2F5AEBF3-D150-4DC3-88F1-000ACEE58FE3}
	EndGlobalSection
EndGlobal
